
Microsoft Visual Studio Solution File, Format Version 12.00
# Visual Studio Version 17
VisualStudioVersion = 17.0.32014.148
MinimumVisualStudioVersion = 10.0.40219.1
Project("{FAE04EC0-301F-11D3-BF4B-00C04F79EFBC}") = "Twitcher", "src\Twitcher\Twitcher.csproj", "{84BFC2E9-920E-4D8F-8064-BE01A2CBAC8A}"
EndProject
Global
	GlobalSection(SolutionConfigurationPlatforms) = preSolution
		Debug|Any CPU = Debug|Any CPU
		Release|Any CPU = Release|Any CPU
	EndGlobalSection
	GlobalSection(ProjectConfigurationPlatforms) = postSolution
		{84BFC2E9-920E-4D8F-8064-BE01A2CBAC8A}.Debug|Any CPU.ActiveCfg = Debug|Any CPU
		{84BFC2E9-920E-4D8F-8064-BE01A2CBAC8A}.Debug|Any CPU.Build.0 = Debug|Any CPU
		{84BFC2E9-920E-4D8F-8064-BE01A2CBAC8A}.Release|Any CPU.ActiveCfg = Release|Any CPU
		{84BFC2E9-920E-4D8F-8064-BE01A2CBAC8A}.Release|Any CPU.Build.0 = Release|Any CPU
	EndGlobalSection
	GlobalSection(SolutionProperties) = preSolution
		HideSolutionNode = FALSE
	EndGlobalSection
	GlobalSection(ExtensibilityGlobals) = postSolution
		SolutionGuid = {45CD51BB-34CF-4A51-AF67-BC0EA8652B2D}
	EndGlobalSection
EndGlobal
